// !$*UTF8*$!
{
	archiveVersion = 1;
	classes = {
	};
	objectVersion = 46;
	objects = {

/* Begin PBXBuildFile section */
		8B075A191DD0418500459F2C /* testConViewController.m in Sources */ = {isa = PBXBuildFile; fileRef = 8B075A171DD0418500459F2C /* testConViewController.m */; };
		8B075A1A1DD0418500459F2C /* testConViewController.xib in Resources */ = {isa = PBXBuildFile; fileRef = 8B075A181DD0418500459F2C /* testConViewController.xib */; };
		8B12F4341E0A86EB000288AA /* XNNetWork.m in Sources */ = {isa = PBXBuildFile; fileRef = 8B12F4331E0A86EB000288AA /* XNNetWork.m */; };
		8B12F4371E0A8925000288AA /* MBProgressHUD+XNHub.m in Sources */ = {isa = PBXBuildFile; fileRef = 8B12F4361E0A8925000288AA /* MBProgressHUD+XNHub.m */; };
		8B1516931DD46B0D00F37C40 /* XNQRCode.m in Sources */ = {isa = PBXBuildFile; fileRef = 8B1516921DD46B0D00F37C40 /* XNQRCode.m */; };
		8B4D84201DC743BD009A7A8E /* main.m in Sources */ = {isa = PBXBuildFile; fileRef = 8B4D841F1DC743BD009A7A8E /* main.m */; };
		8B4D84231DC743BD009A7A8E /* AppDelegate.m in Sources */ = {isa = PBXBuildFile; fileRef = 8B4D84221DC743BD009A7A8E /* AppDelegate.m */; };
		8B4D84291DC743BD009A7A8E /* Main.storyboard in Resources */ = {isa = PBXBuildFile; fileRef = 8B4D84271DC743BD009A7A8E /* Main.storyboard */; };
		8B4D842B1DC743BD009A7A8E /* Assets.xcassets in Resources */ = {isa = PBXBuildFile; fileRef = 8B4D842A1DC743BD009A7A8E /* Assets.xcassets */; };
		8B4D842E1DC743BD009A7A8E /* LaunchScreen.storyboard in Resources */ = {isa = PBXBuildFile; fileRef = 8B4D842C1DC743BD009A7A8E /* LaunchScreen.storyboard */; };
		8B4D84391DC743BD009A7A8E /* XNKitTests.m in Sources */ = {isa = PBXBuildFile; fileRef = 8B4D84381DC743BD009A7A8E /* XNKitTests.m */; };
		8B4D84441DC743BD009A7A8E /* XNKitUITests.m in Sources */ = {isa = PBXBuildFile; fileRef = 8B4D84431DC743BD009A7A8E /* XNKitUITests.m */; };
		8B4D84551DC751BE009A7A8E /* NSMutableArray+myArray.m in Sources */ = {isa = PBXBuildFile; fileRef = 8B4D84541DC751BE009A7A8E /* NSMutableArray+myArray.m */; };
		8B66B6C71DDD952300033591 /* XNPhotoCollectionViewCell.m in Sources */ = {isa = PBXBuildFile; fileRef = 8B66B6C51DDD952300033591 /* XNPhotoCollectionViewCell.m */; };
		8B66B6C81DDD952300033591 /* XNPhotoCollectionViewCell.xib in Resources */ = {isa = PBXBuildFile; fileRef = 8B66B6C61DDD952300033591 /* XNPhotoCollectionViewCell.xib */; };
		8B66B6CD1DDD9B5B00033591 /* user_added_01@2x.png in Resources */ = {isa = PBXBuildFile; fileRef = 8B66B6C91DDD9B5B00033591 /* user_added_01@2x.png */; };
		8B66B6CE1DDD9B5B00033591 /* user_added_01@3x.png in Resources */ = {isa = PBXBuildFile; fileRef = 8B66B6CA1DDD9B5B00033591 /* user_added_01@3x.png */; };
		8B66B6CF1DDD9B5B00033591 /* user_added_02@2x.png in Resources */ = {isa = PBXBuildFile; fileRef = 8B66B6CB1DDD9B5B00033591 /* user_added_02@2x.png */; };
		8B66B6D01DDD9B5B00033591 /* user_added_02@3x.png in Resources */ = {isa = PBXBuildFile; fileRef = 8B66B6CC1DDD9B5B00033591 /* user_added_02@3x.png */; };
		8B66B6D31DDD9C3100033591 /* XNAlbumViewController.m in Sources */ = {isa = PBXBuildFile; fileRef = 8B66B6D21DDD9C3100033591 /* XNAlbumViewController.m */; };
		8B6C96561DFEAEE7001335DF /* XNViewController.m in Sources */ = {isa = PBXBuildFile; fileRef = 8B6C96551DFEAEE7001335DF /* XNViewController.m */; };
		8B703A631DCB18E200ECB221 /* 000.png in Resources */ = {isa = PBXBuildFile; fileRef = 8B703A621DCB18E200ECB221 /* 000.png */; };
		8B910A341DCB3B1900C45A30 /* UITextField+XNTextField.m in Sources */ = {isa = PBXBuildFile; fileRef = 8B910A331DCB3B1900C45A30 /* UITextField+XNTextField.m */; };
		8B910A371DCB3CB800C45A30 /* UIActionSheet+XNActionSheet.m in Sources */ = {isa = PBXBuildFile; fileRef = 8B910A361DCB3CB800C45A30 /* UIActionSheet+XNActionSheet.m */; };
		8B910A3C1DCB3E0200C45A30 /* UIBadgeView.m in Sources */ = {isa = PBXBuildFile; fileRef = 8B910A3A1DCB3E0200C45A30 /* UIBadgeView.m */; };
		8B910A3F1DCB3E2300C45A30 /* XNTool.m in Sources */ = {isa = PBXBuildFile; fileRef = 8B910A3E1DCB3E2300C45A30 /* XNTool.m */; };
		8B991F361DE5334900069A2F /* XNPlayerViewController.m in Sources */ = {isa = PBXBuildFile; fileRef = 8B991F341DE5334900069A2F /* XNPlayerViewController.m */; };
		8B991F371DE5334900069A2F /* XNPlayerViewController.xib in Resources */ = {isa = PBXBuildFile; fileRef = 8B991F351DE5334900069A2F /* XNPlayerViewController.xib */; };
		8B991F571DE537D800069A2F /* fullscreen@2x.png in Resources */ = {isa = PBXBuildFile; fileRef = 8B991F3B1DE537D800069A2F /* fullscreen@2x.png */; };
		8B991F581DE537D900069A2F /* fullscreen@3x.png in Resources */ = {isa = PBXBuildFile; fileRef = 8B991F3C1DE537D800069A2F /* fullscreen@3x.png */; };
		8B991F631DE537D900069A2F /* brightness@2x.png in Resources */ = {isa = PBXBuildFile; fileRef = 8B991F471DE537D800069A2F /* brightness@2x.png */; };
		8B991F641DE537D900069A2F /* brightness@3x.png in Resources */ = {isa = PBXBuildFile; fileRef = 8B991F481DE537D800069A2F /* brightness@3x.png */; };
		8B991F651DE537D900069A2F /* fastForward@2x.png in Resources */ = {isa = PBXBuildFile; fileRef = 8B991F491DE537D800069A2F /* fastForward@2x.png */; };
		8B991F661DE537D900069A2F /* fastForward@3x.png in Resources */ = {isa = PBXBuildFile; fileRef = 8B991F4A1DE537D800069A2F /* fastForward@3x.png */; };
		8B991F671DE537D900069A2F /* player-lock@2x.png in Resources */ = {isa = PBXBuildFile; fileRef = 8B991F4B1DE537D800069A2F /* player-lock@2x.png */; };
		8B991F681DE537D900069A2F /* player-lock@3x.png in Resources */ = {isa = PBXBuildFile; fileRef = 8B991F4C1DE537D800069A2F /* player-lock@3x.png */; };
		8B991F691DE537D900069A2F /* rewind@2x.png in Resources */ = {isa = PBXBuildFile; fileRef = 8B991F4D1DE537D800069A2F /* rewind@2x.png */; };
		8B991F6A1DE537D900069A2F /* rewind@3x.png in Resources */ = {isa = PBXBuildFile; fileRef = 8B991F4E1DE537D800069A2F /* rewind@3x.png */; };
		8B991F6D1DE537D900069A2F /* volume@2x.png in Resources */ = {isa = PBXBuildFile; fileRef = 8B991F511DE537D800069A2F /* volume@2x.png */; };
		8B991F6E1DE537D900069A2F /* volume@3x.png in Resources */ = {isa = PBXBuildFile; fileRef = 8B991F521DE537D800069A2F /* volume@3x.png */; };
		8B991F6F1DE537D900069A2F /* volumeMute@2x.png in Resources */ = {isa = PBXBuildFile; fileRef = 8B991F531DE537D800069A2F /* volumeMute@2x.png */; };
		8B991F701DE537D900069A2F /* volumeMute@3x.png in Resources */ = {isa = PBXBuildFile; fileRef = 8B991F541DE537D800069A2F /* volumeMute@3x.png */; };
		8B991F761DE58C7E00069A2F /* play_middle@3x.png in Resources */ = {isa = PBXBuildFile; fileRef = 8B991F721DE58C7E00069A2F /* play_middle@3x.png */; };
		8B991F781DE58C7E00069A2F /* player@2x.png in Resources */ = {isa = PBXBuildFile; fileRef = 8B991F741DE58C7E00069A2F /* player@2x.png */; };
		8B991F791DE58C7E00069A2F /* player@3x.png in Resources */ = {isa = PBXBuildFile; fileRef = 8B991F751DE58C7E00069A2F /* player@3x.png */; };
		8B991F7C1DE5914900069A2F /* point@2x.png in Resources */ = {isa = PBXBuildFile; fileRef = 8B991F7A1DE5914900069A2F /* point@2x.png */; };
		8B991F7D1DE5914900069A2F /* point@3x.png in Resources */ = {isa = PBXBuildFile; fileRef = 8B991F7B1DE5914900069A2F /* point@3x.png */; };
		8B9B4ECA1DC991F8000648DB /* UILabel+XNLabel.m in Sources */ = {isa = PBXBuildFile; fileRef = 8B9B4EC91DC991F8000648DB /* UILabel+XNLabel.m */; };
		8B9B4ECD1DC99903000648DB /* UIImage+XNImage.m in Sources */ = {isa = PBXBuildFile; fileRef = 8B9B4ECC1DC99903000648DB /* UIImage+XNImage.m */; };
		8B9B4ED31DC9BF3A000648DB /* UIImageView+XNImageView.m in Sources */ = {isa = PBXBuildFile; fileRef = 8B9B4ED21DC9BF3A000648DB /* UIImageView+XNImageView.m */; };
		8B9B4ED61DC9C3CD000648DB /* UIColor+XNColor.m in Sources */ = {isa = PBXBuildFile; fileRef = 8B9B4ED51DC9C3CD000648DB /* UIColor+XNColor.m */; };
		8B9B4ED91DC9D288000648DB /* UIView+XNView.m in Sources */ = {isa = PBXBuildFile; fileRef = 8B9B4ED81DC9D288000648DB /* UIView+XNView.m */; };
		8B9B4EE01DC9D902000648DB /* NSString+XNString.m in Sources */ = {isa = PBXBuildFile; fileRef = 8B9B4EDF1DC9D902000648DB /* NSString+XNString.m */; };
		8B9B4EED1DC9F7D4000648DB /* UIButton+XNButton.m in Sources */ = {isa = PBXBuildFile; fileRef = 8B9B4EEC1DC9F7D4000648DB /* UIButton+XNButton.m */; };
		8B9CB2D71DEC269F00E85E8C /* ViewController.m in Sources */ = {isa = PBXBuildFile; fileRef = 8B9CB2D61DEC269F00E85E8C /* ViewController.m */; };
		8BB7A3821DE8117A00D7E353 /* XNTouchButton.m in Sources */ = {isa = PBXBuildFile; fileRef = 8BB7A3811DE8117A00D7E353 /* XNTouchButton.m */; };
		8BBC89491DCC66EC00459E7F /* UIAlertView+XNBlock.m in Sources */ = {isa = PBXBuildFile; fileRef = 8BBC89481DCC66EC00459E7F /* UIAlertView+XNBlock.m */; };
		8BBC894C1DCC7B6C00459E7F /* XNAttributeText.m in Sources */ = {isa = PBXBuildFile; fileRef = 8BBC894B1DCC7B6C00459E7F /* XNAttributeText.m */; };
		8BC141761DD9BC480016A949 /* qrcode_scanline_barcode@2x.png in Resources */ = {isa = PBXBuildFile; fileRef = 8BC141741DD9BC480016A949 /* qrcode_scanline_barcode@2x.png */; };
		8BC141771DD9BC480016A949 /* qrcode_scanline_barcode@3x.png in Resources */ = {isa = PBXBuildFile; fileRef = 8BC141751DD9BC480016A949 /* qrcode_scanline_barcode@3x.png */; };
		8BC5813B1DED22080026A66C /* XNVideoLaunchViewController.m in Sources */ = {isa = PBXBuildFile; fileRef = 8BC581391DED22080026A66C /* XNVideoLaunchViewController.m */; };
		8BC5813C1DED22080026A66C /* XNVideoLaunchViewController.xib in Resources */ = {isa = PBXBuildFile; fileRef = 8BC5813A1DED22080026A66C /* XNVideoLaunchViewController.xib */; };
		8BC5813E1DED5DB20026A66C /* 1.mp4 in Resources */ = {isa = PBXBuildFile; fileRef = 8BC5813D1DED5DB20026A66C /* 1.mp4 */; };
		8BC5814D1DED85990026A66C /* XNBlueToothViewController.m in Sources */ = {isa = PBXBuildFile; fileRef = 8BC5814B1DED85990026A66C /* XNBlueToothViewController.m */; };
		8BC5814E1DED85990026A66C /* XNBlueToothViewController.xib in Resources */ = {isa = PBXBuildFile; fileRef = 8BC5814C1DED85990026A66C /* XNBlueToothViewController.xib */; };
		8BF6815F1DDC0AEE00852B45 /* XNQRCodeViewController.m in Sources */ = {isa = PBXBuildFile; fileRef = 8BF6815E1DDC0AEE00852B45 /* XNQRCodeViewController.m */; };
		8BF681621DDC433400852B45 /* bg_scanner@2x.png in Resources */ = {isa = PBXBuildFile; fileRef = 8BF681611DDC433400852B45 /* bg_scanner@2x.png */; };
		B08F77C8580B7BE00E4C9D0F /* libPods-XNKit.a in Frameworks */ = {isa = PBXBuildFile; fileRef = 8EE71E47DDD854244958E185 /* libPods-XNKit.a */; };
/* End PBXBuildFile section */

/* Begin PBXContainerItemProxy section */
		8B4D84351DC743BD009A7A8E /* PBXContainerItemProxy */ = {
			isa = PBXContainerItemProxy;
			containerPortal = 8B4D84131DC743BD009A7A8E /* Project object */;
			proxyType = 1;
			remoteGlobalIDString = 8B4D841A1DC743BD009A7A8E;
			remoteInfo = XNKit;
		};
		8B4D84401DC743BD009A7A8E /* PBXContainerItemProxy */ = {
			isa = PBXContainerItemProxy;
			containerPortal = 8B4D84131DC743BD009A7A8E /* Project object */;
			proxyType = 1;
			remoteGlobalIDString = 8B4D841A1DC743BD009A7A8E;
			remoteInfo = XNKit;
		};
/* End PBXContainerItemProxy section */

/* Begin PBXFileReference section */
		3FB90E29CF0C69FB9ECEA5C3 /* Pods-XNKit.release.xcconfig */ = {isa = PBXFileReference; includeInIndex = 1; lastKnownFileType = text.xcconfig; name = "Pods-XNKit.release.xcconfig"; path = "Pods/Target Support Files/Pods-XNKit/Pods-XNKit.release.xcconfig"; sourceTree = "<group>"; };
		8B075A161DD0418500459F2C /* testConViewController.h */ = {isa = PBXFileReference; fileEncoding = 4; lastKnownFileType = sourcecode.c.h; path = testConViewController.h; sourceTree = "<group>"; };
		8B075A171DD0418500459F2C /* testConViewController.m */ = {isa = PBXFileReference; fileEncoding = 4; lastKnownFileType = sourcecode.c.objc; path = testConViewController.m; sourceTree = "<group>"; };
		8B075A181DD0418500459F2C /* testConViewController.xib */ = {isa = PBXFileReference; fileEncoding = 4; lastKnownFileType = file.xib; path = testConViewController.xib; sourceTree = "<group>"; };
		8B12F4331E0A86EB000288AA /* XNNetWork.m */ = {isa = PBXFileReference; fileEncoding = 4; lastKnownFileType = sourcecode.c.objc; path = XNNetWork.m; sourceTree = "<group>"; };
		8B12F4351E0A8925000288AA /* MBProgressHUD+XNHub.h */ = {isa = PBXFileReference; fileEncoding = 4; lastKnownFileType = sourcecode.c.h; path = "MBProgressHUD+XNHub.h"; sourceTree = "<group>"; };
		8B12F4361E0A8925000288AA /* MBProgressHUD+XNHub.m */ = {isa = PBXFileReference; fileEncoding = 4; lastKnownFileType = sourcecode.c.objc; path = "MBProgressHUD+XNHub.m"; sourceTree = "<group>"; };
		8B1516911DD46B0D00F37C40 /* XNQRCode.h */ = {isa = PBXFileReference; fileEncoding = 4; lastKnownFileType = sourcecode.c.h; path = XNQRCode.h; sourceTree = "<group>"; };
		8B1516921DD46B0D00F37C40 /* XNQRCode.m */ = {isa = PBXFileReference; fileEncoding = 4; lastKnownFileType = sourcecode.c.objc; path = XNQRCode.m; sourceTree = "<group>"; };
		8B4D841B1DC743BD009A7A8E /* XNKit.app */ = {isa = PBXFileReference; explicitFileType = wrapper.application; includeInIndex = 0; path = XNKit.app; sourceTree = BUILT_PRODUCTS_DIR; };
		8B4D841F1DC743BD009A7A8E /* main.m */ = {isa = PBXFileReference; lastKnownFileType = sourcecode.c.objc; path = main.m; sourceTree = "<group>"; };
		8B4D84211DC743BD009A7A8E /* AppDelegate.h */ = {isa = PBXFileReference; lastKnownFileType = sourcecode.c.h; path = AppDelegate.h; sourceTree = "<group>"; };
		8B4D84221DC743BD009A7A8E /* AppDelegate.m */ = {isa = PBXFileReference; lastKnownFileType = sourcecode.c.objc; path = AppDelegate.m; sourceTree = "<group>"; };
		8B4D84281DC743BD009A7A8E /* Base */ = {isa = PBXFileReference; lastKnownFileType = file.storyboard; name = Base; path = Base.lproj/Main.storyboard; sourceTree = "<group>"; };
		8B4D842A1DC743BD009A7A8E /* Assets.xcassets */ = {isa = PBXFileReference; lastKnownFileType = folder.assetcatalog; path = Assets.xcassets; sourceTree = "<group>"; };
		8B4D842D1DC743BD009A7A8E /* Base */ = {isa = PBXFileReference; lastKnownFileType = file.storyboard; name = Base; path = Base.lproj/LaunchScreen.storyboard; sourceTree = "<group>"; };
		8B4D842F1DC743BD009A7A8E /* Info.plist */ = {isa = PBXFileReference; lastKnownFileType = text.plist.xml; path = Info.plist; sourceTree = "<group>"; };
		8B4D84341DC743BD009A7A8E /* XNKitTests.xctest */ = {isa = PBXFileReference; explicitFileType = wrapper.cfbundle; includeInIndex = 0; path = XNKitTests.xctest; sourceTree = BUILT_PRODUCTS_DIR; };
		8B4D84381DC743BD009A7A8E /* XNKitTests.m */ = {isa = PBXFileReference; lastKnownFileType = sourcecode.c.objc; path = XNKitTests.m; sourceTree = "<group>"; };
		8B4D843A1DC743BD009A7A8E /* Info.plist */ = {isa = PBXFileReference; lastKnownFileType = text.plist.xml; path = Info.plist; sourceTree = "<group>"; };
		8B4D843F1DC743BD009A7A8E /* XNKitUITests.xctest */ = {isa = PBXFileReference; explicitFileType = wrapper.cfbundle; includeInIndex = 0; path = XNKitUITests.xctest; sourceTree = BUILT_PRODUCTS_DIR; };
		8B4D84431DC743BD009A7A8E /* XNKitUITests.m */ = {isa = PBXFileReference; lastKnownFileType = sourcecode.c.objc; path = XNKitUITests.m; sourceTree = "<group>"; };
		8B4D84451DC743BD009A7A8E /* Info.plist */ = {isa = PBXFileReference; lastKnownFileType = text.plist.xml; path = Info.plist; sourceTree = "<group>"; };
		8B4D84531DC751BE009A7A8E /* NSMutableArray+myArray.h */ = {isa = PBXFileReference; fileEncoding = 4; lastKnownFileType = sourcecode.c.h; path = "NSMutableArray+myArray.h"; sourceTree = "<group>"; };
		8B4D84541DC751BE009A7A8E /* NSMutableArray+myArray.m */ = {isa = PBXFileReference; fileEncoding = 4; lastKnownFileType = sourcecode.c.objc; path = "NSMutableArray+myArray.m"; sourceTree = "<group>"; };
		8B66B6C41DDD952300033591 /* XNPhotoCollectionViewCell.h */ = {isa = PBXFileReference; fileEncoding = 4; lastKnownFileType = sourcecode.c.h; path = XNPhotoCollectionViewCell.h; sourceTree = "<group>"; };
		8B66B6C51DDD952300033591 /* XNPhotoCollectionViewCell.m */ = {isa = PBXFileReference; fileEncoding = 4; lastKnownFileType = sourcecode.c.objc; path = XNPhotoCollectionViewCell.m; sourceTree = "<group>"; };
		8B66B6C61DDD952300033591 /* XNPhotoCollectionViewCell.xib */ = {isa = PBXFileReference; fileEncoding = 4; lastKnownFileType = file.xib; path = XNPhotoCollectionViewCell.xib; sourceTree = "<group>"; };
		8B66B6C91DDD9B5B00033591 /* user_added_01@2x.png */ = {isa = PBXFileReference; lastKnownFileType = image.png; path = "user_added_01@2x.png"; sourceTree = "<group>"; };
		8B66B6CA1DDD9B5B00033591 /* user_added_01@3x.png */ = {isa = PBXFileReference; lastKnownFileType = image.png; path = "user_added_01@3x.png"; sourceTree = "<group>"; };
		8B66B6CB1DDD9B5B00033591 /* user_added_02@2x.png */ = {isa = PBXFileReference; lastKnownFileType = image.png; path = "user_added_02@2x.png"; sourceTree = "<group>"; };
		8B66B6CC1DDD9B5B00033591 /* user_added_02@3x.png */ = {isa = PBXFileReference; lastKnownFileType = image.png; path = "user_added_02@3x.png"; sourceTree = "<group>"; };
		8B66B6D11DDD9C3100033591 /* XNAlbumViewController.h */ = {isa = PBXFileReference; fileEncoding = 4; lastKnownFileType = sourcecode.c.h; path = XNAlbumViewController.h; sourceTree = "<group>"; };
		8B66B6D21DDD9C3100033591 /* XNAlbumViewController.m */ = {isa = PBXFileReference; fileEncoding = 4; lastKnownFileType = sourcecode.c.objc; path = XNAlbumViewController.m; sourceTree = "<group>"; };
		8B6C96541DFEAEE7001335DF /* XNViewController.h */ = {isa = PBXFileReference; fileEncoding = 4; lastKnownFileType = sourcecode.c.h; path = XNViewController.h; sourceTree = "<group>"; };
		8B6C96551DFEAEE7001335DF /* XNViewController.m */ = {isa = PBXFileReference; fileEncoding = 4; lastKnownFileType = sourcecode.c.objc; path = XNViewController.m; sourceTree = "<group>"; };
		8B703A621DCB18E200ECB221 /* 000.png */ = {isa = PBXFileReference; lastKnownFileType = image.png; path = 000.png; sourceTree = "<group>"; };
		8B910A321DCB3B1900C45A30 /* UITextField+XNTextField.h */ = {isa = PBXFileReference; fileEncoding = 4; lastKnownFileType = sourcecode.c.h; path = "UITextField+XNTextField.h"; sourceTree = "<group>"; };
		8B910A331DCB3B1900C45A30 /* UITextField+XNTextField.m */ = {isa = PBXFileReference; fileEncoding = 4; lastKnownFileType = sourcecode.c.objc; path = "UITextField+XNTextField.m"; sourceTree = "<group>"; };
		8B910A351DCB3CB800C45A30 /* UIActionSheet+XNActionSheet.h */ = {isa = PBXFileReference; fileEncoding = 4; lastKnownFileType = sourcecode.c.h; path = "UIActionSheet+XNActionSheet.h"; sourceTree = "<group>"; };
		8B910A361DCB3CB800C45A30 /* UIActionSheet+XNActionSheet.m */ = {isa = PBXFileReference; fileEncoding = 4; lastKnownFileType = sourcecode.c.objc; path = "UIActionSheet+XNActionSheet.m"; sourceTree = "<group>"; };
		8B910A391DCB3E0200C45A30 /* UIBadgeView.h */ = {isa = PBXFileReference; fileEncoding = 4; lastKnownFileType = sourcecode.c.h; path = UIBadgeView.h; sourceTree = "<group>"; };
		8B910A3A1DCB3E0200C45A30 /* UIBadgeView.m */ = {isa = PBXFileReference; fileEncoding = 4; lastKnownFileType = sourcecode.c.objc; path = UIBadgeView.m; sourceTree = "<group>"; };
		8B910A3D1DCB3E2300C45A30 /* XNTool.h */ = {isa = PBXFileReference; fileEncoding = 4; lastKnownFileType = sourcecode.c.h; path = XNTool.h; sourceTree = "<group>"; };
		8B910A3E1DCB3E2300C45A30 /* XNTool.m */ = {isa = PBXFileReference; fileEncoding = 4; lastKnownFileType = sourcecode.c.objc; path = XNTool.m; sourceTree = "<group>"; };
		8B991F331DE5334900069A2F /* XNPlayerViewController.h */ = {isa = PBXFileReference; fileEncoding = 4; lastKnownFileType = sourcecode.c.h; path = XNPlayerViewController.h; sourceTree = "<group>"; };
		8B991F341DE5334900069A2F /* XNPlayerViewController.m */ = {isa = PBXFileReference; fileEncoding = 4; lastKnownFileType = sourcecode.c.objc; path = XNPlayerViewController.m; sourceTree = "<group>"; };
		8B991F351DE5334900069A2F /* XNPlayerViewController.xib */ = {isa = PBXFileReference; fileEncoding = 4; lastKnownFileType = file.xib; path = XNPlayerViewController.xib; sourceTree = "<group>"; };
		8B991F3B1DE537D800069A2F /* fullscreen@2x.png */ = {isa = PBXFileReference; lastKnownFileType = image.png; path = "fullscreen@2x.png"; sourceTree = "<group>"; };
		8B991F3C1DE537D800069A2F /* fullscreen@3x.png */ = {isa = PBXFileReference; lastKnownFileType = image.png; path = "fullscreen@3x.png"; sourceTree = "<group>"; };
		8B991F471DE537D800069A2F /* brightness@2x.png */ = {isa = PBXFileReference; lastKnownFileType = image.png; path = "brightness@2x.png"; sourceTree = "<group>"; };
		8B991F481DE537D800069A2F /* brightness@3x.png */ = {isa = PBXFileReference; lastKnownFileType = image.png; path = "brightness@3x.png"; sourceTree = "<group>"; };
		8B991F491DE537D800069A2F /* fastForward@2x.png */ = {isa = PBXFileReference; lastKnownFileType = image.png; path = "fastForward@2x.png"; sourceTree = "<group>"; };
		8B991F4A1DE537D800069A2F /* fastForward@3x.png */ = {isa = PBXFileReference; lastKnownFileType = image.png; path = "fastForward@3x.png"; sourceTree = "<group>"; };
		8B991F4B1DE537D800069A2F /* player-lock@2x.png */ = {isa = PBXFileReference; lastKnownFileType = image.png; path = "player-lock@2x.png"; sourceTree = "<group>"; };
		8B991F4C1DE537D800069A2F /* player-lock@3x.png */ = {isa = PBXFileReference; lastKnownFileType = image.png; path = "player-lock@3x.png"; sourceTree = "<group>"; };
		8B991F4D1DE537D800069A2F /* rewind@2x.png */ = {isa = PBXFileReference; lastKnownFileType = image.png; path = "rewind@2x.png"; sourceTree = "<group>"; };
		8B991F4E1DE537D800069A2F /* rewind@3x.png */ = {isa = PBXFileReference; lastKnownFileType = image.png; path = "rewind@3x.png"; sourceTree = "<group>"; };
		8B991F511DE537D800069A2F /* volume@2x.png */ = {isa = PBXFileReference; lastKnownFileType = image.png; path = "volume@2x.png"; sourceTree = "<group>"; };
		8B991F521DE537D800069A2F /* volume@3x.png */ = {isa = PBXFileReference; lastKnownFileType = image.png; path = "volume@3x.png"; sourceTree = "<group>"; };
		8B991F531DE537D800069A2F /* volumeMute@2x.png */ = {isa = PBXFileReference; lastKnownFileType = image.png; path = "volumeMute@2x.png"; sourceTree = "<group>"; };
		8B991F541DE537D800069A2F /* volumeMute@3x.png */ = {isa = PBXFileReference; lastKnownFileType = image.png; path = "volumeMute@3x.png"; sourceTree = "<group>"; };
		8B991F711DE5419700069A2F /* PrefixHeader.pch */ = {isa = PBXFileReference; lastKnownFileType = sourcecode.c.h; path = PrefixHeader.pch; sourceTree = "<group>"; };
		8B991F721DE58C7E00069A2F /* play_middle@3x.png */ = {isa = PBXFileReference; lastKnownFileType = image.png; path = "play_middle@3x.png"; sourceTree = "<group>"; };
		8B991F741DE58C7E00069A2F /* player@2x.png */ = {isa = PBXFileReference; lastKnownFileType = image.png; path = "player@2x.png"; sourceTree = "<group>"; };
		8B991F751DE58C7E00069A2F /* player@3x.png */ = {isa = PBXFileReference; lastKnownFileType = image.png; path = "player@3x.png"; sourceTree = "<group>"; };
		8B991F7A1DE5914900069A2F /* point@2x.png */ = {isa = PBXFileReference; lastKnownFileType = image.png; path = "point@2x.png"; sourceTree = "<group>"; };
		8B991F7B1DE5914900069A2F /* point@3x.png */ = {isa = PBXFileReference; lastKnownFileType = image.png; path = "point@3x.png"; sourceTree = "<group>"; };
		8B9B4EC81DC991F8000648DB /* UILabel+XNLabel.h */ = {isa = PBXFileReference; fileEncoding = 4; lastKnownFileType = sourcecode.c.h; path = "UILabel+XNLabel.h"; sourceTree = "<group>"; };
		8B9B4EC91DC991F8000648DB /* UILabel+XNLabel.m */ = {isa = PBXFileReference; fileEncoding = 4; lastKnownFileType = sourcecode.c.objc; path = "UILabel+XNLabel.m"; sourceTree = "<group>"; };
		8B9B4ECB1DC99903000648DB /* UIImage+XNImage.h */ = {isa = PBXFileReference; fileEncoding = 4; lastKnownFileType = sourcecode.c.h; path = "UIImage+XNImage.h"; sourceTree = "<group>"; };
		8B9B4ECC1DC99903000648DB /* UIImage+XNImage.m */ = {isa = PBXFileReference; fileEncoding = 4; lastKnownFileType = sourcecode.c.objc; path = "UIImage+XNImage.m"; sourceTree = "<group>"; };
		8B9B4ED11DC9BF3A000648DB /* UIImageView+XNImageView.h */ = {isa = PBXFileReference; fileEncoding = 4; lastKnownFileType = sourcecode.c.h; path = "UIImageView+XNImageView.h"; sourceTree = "<group>"; };
		8B9B4ED21DC9BF3A000648DB /* UIImageView+XNImageView.m */ = {isa = PBXFileReference; fileEncoding = 4; lastKnownFileType = sourcecode.c.objc; path = "UIImageView+XNImageView.m"; sourceTree = "<group>"; };
		8B9B4ED41DC9C3CD000648DB /* UIColor+XNColor.h */ = {isa = PBXFileReference; fileEncoding = 4; lastKnownFileType = sourcecode.c.h; path = "UIColor+XNColor.h"; sourceTree = "<group>"; };
		8B9B4ED51DC9C3CD000648DB /* UIColor+XNColor.m */ = {isa = PBXFileReference; fileEncoding = 4; lastKnownFileType = sourcecode.c.objc; path = "UIColor+XNColor.m"; sourceTree = "<group>"; };
		8B9B4ED71DC9D288000648DB /* UIView+XNView.h */ = {isa = PBXFileReference; fileEncoding = 4; lastKnownFileType = sourcecode.c.h; path = "UIView+XNView.h"; sourceTree = "<group>"; };
		8B9B4ED81DC9D288000648DB /* UIView+XNView.m */ = {isa = PBXFileReference; fileEncoding = 4; lastKnownFileType = sourcecode.c.objc; path = "UIView+XNView.m"; sourceTree = "<group>"; };
		8B9B4EDE1DC9D902000648DB /* NSString+XNString.h */ = {isa = PBXFileReference; fileEncoding = 4; lastKnownFileType = sourcecode.c.h; path = "NSString+XNString.h"; sourceTree = "<group>"; };
		8B9B4EDF1DC9D902000648DB /* NSString+XNString.m */ = {isa = PBXFileReference; fileEncoding = 4; lastKnownFileType = sourcecode.c.objc; path = "NSString+XNString.m"; sourceTree = "<group>"; };
		8B9B4EEB1DC9F7D4000648DB /* UIButton+XNButton.h */ = {isa = PBXFileReference; fileEncoding = 4; lastKnownFileType = sourcecode.c.h; path = "UIButton+XNButton.h"; sourceTree = "<group>"; };
		8B9B4EEC1DC9F7D4000648DB /* UIButton+XNButton.m */ = {isa = PBXFileReference; fileEncoding = 4; lastKnownFileType = sourcecode.c.objc; path = "UIButton+XNButton.m"; sourceTree = "<group>"; };
		8B9CB2D51DEC269F00E85E8C /* ViewController.h */ = {isa = PBXFileReference; fileEncoding = 4; lastKnownFileType = sourcecode.c.h; path = ViewController.h; sourceTree = "<group>"; };
		8B9CB2D61DEC269F00E85E8C /* ViewController.m */ = {isa = PBXFileReference; fileEncoding = 4; lastKnownFileType = sourcecode.c.objc; path = ViewController.m; sourceTree = "<group>"; };
		8BB7A3801DE8117A00D7E353 /* XNTouchButton.h */ = {isa = PBXFileReference; fileEncoding = 4; lastKnownFileType = sourcecode.c.h; name = XNTouchButton.h; path = image/XNTouchButton.h; sourceTree = "<group>"; };
		8BB7A3811DE8117A00D7E353 /* XNTouchButton.m */ = {isa = PBXFileReference; fileEncoding = 4; lastKnownFileType = sourcecode.c.objc; name = XNTouchButton.m; path = image/XNTouchButton.m; sourceTree = "<group>"; };
		8BBC89471DCC66EC00459E7F /* UIAlertView+XNBlock.h */ = {isa = PBXFileReference; fileEncoding = 4; lastKnownFileType = sourcecode.c.h; path = "UIAlertView+XNBlock.h"; sourceTree = "<group>"; };
		8BBC89481DCC66EC00459E7F /* UIAlertView+XNBlock.m */ = {isa = PBXFileReference; fileEncoding = 4; lastKnownFileType = sourcecode.c.objc; path = "UIAlertView+XNBlock.m"; sourceTree = "<group>"; };
		8BBC894A1DCC7B6C00459E7F /* XNAttributeText.h */ = {isa = PBXFileReference; fileEncoding = 4; lastKnownFileType = sourcecode.c.h; path = XNAttributeText.h; sourceTree = "<group>"; };
		8BBC894B1DCC7B6C00459E7F /* XNAttributeText.m */ = {isa = PBXFileReference; fileEncoding = 4; lastKnownFileType = sourcecode.c.objc; path = XNAttributeText.m; sourceTree = "<group>"; };
		8BC141741DD9BC480016A949 /* qrcode_scanline_barcode@2x.png */ = {isa = PBXFileReference; lastKnownFileType = image.png; path = "qrcode_scanline_barcode@2x.png"; sourceTree = "<group>"; };
		8BC141751DD9BC480016A949 /* qrcode_scanline_barcode@3x.png */ = {isa = PBXFileReference; lastKnownFileType = image.png; path = "qrcode_scanline_barcode@3x.png"; sourceTree = "<group>"; };
		8BC581381DED22080026A66C /* XNVideoLaunchViewController.h */ = {isa = PBXFileReference; fileEncoding = 4; lastKnownFileType = sourcecode.c.h; path = XNVideoLaunchViewController.h; sourceTree = "<group>"; };
		8BC581391DED22080026A66C /* XNVideoLaunchViewController.m */ = {isa = PBXFileReference; fileEncoding = 4; lastKnownFileType = sourcecode.c.objc; path = XNVideoLaunchViewController.m; sourceTree = "<group>"; };
		8BC5813A1DED22080026A66C /* XNVideoLaunchViewController.xib */ = {isa = PBXFileReference; fileEncoding = 4; lastKnownFileType = file.xib; path = XNVideoLaunchViewController.xib; sourceTree = "<group>"; };
		8BC5813D1DED5DB20026A66C /* 1.mp4 */ = {isa = PBXFileReference; lastKnownFileType = file; path = 1.mp4; sourceTree = "<group>"; };
		8BC5814A1DED85990026A66C /* XNBlueToothViewController.h */ = {isa = PBXFileReference; fileEncoding = 4; lastKnownFileType = sourcecode.c.h; path = XNBlueToothViewController.h; sourceTree = "<group>"; };
		8BC5814B1DED85990026A66C /* XNBlueToothViewController.m */ = {isa = PBXFileReference; fileEncoding = 4; lastKnownFileType = sourcecode.c.objc; path = XNBlueToothViewController.m; sourceTree = "<group>"; };
		8BC5814C1DED85990026A66C /* XNBlueToothViewController.xib */ = {isa = PBXFileReference; fileEncoding = 4; lastKnownFileType = file.xib; path = XNBlueToothViewController.xib; sourceTree = "<group>"; };
		8BED6C0A1DEFD48100E50D55 /* XNNetWork.h */ = {isa = PBXFileReference; fileEncoding = 4; lastKnownFileType = sourcecode.c.h; path = XNNetWork.h; sourceTree = "<group>"; };
		8BF6815D1DDC0AEE00852B45 /* XNQRCodeViewController.h */ = {isa = PBXFileReference; fileEncoding = 4; lastKnownFileType = sourcecode.c.h; path = XNQRCodeViewController.h; sourceTree = "<group>"; };
		8BF6815E1DDC0AEE00852B45 /* XNQRCodeViewController.m */ = {isa = PBXFileReference; fileEncoding = 4; lastKnownFileType = sourcecode.c.objc; path = XNQRCodeViewController.m; sourceTree = "<group>"; };
		8BF681611DDC433400852B45 /* bg_scanner@2x.png */ = {isa = PBXFileReference; lastKnownFileType = image.png; path = "bg_scanner@2x.png"; sourceTree = "<group>"; };
		8EE71E47DDD854244958E185 /* libPods-XNKit.a */ = {isa = PBXFileReference; explicitFileType = archive.ar; includeInIndex = 0; path = "libPods-XNKit.a"; sourceTree = BUILT_PRODUCTS_DIR; };
		FCDAD9C24A7C538DA6B72354 /* Pods-XNKit.debug.xcconfig */ = {isa = PBXFileReference; includeInIndex = 1; lastKnownFileType = text.xcconfig; name = "Pods-XNKit.debug.xcconfig"; path = "Pods/Target Support Files/Pods-XNKit/Pods-XNKit.debug.xcconfig"; sourceTree = "<group>"; };
/* End PBXFileReference section */

/* Begin PBXFrameworksBuildPhase section */
		8B4D84181DC743BD009A7A8E /* Frameworks */ = {
			isa = PBXFrameworksBuildPhase;
			buildActionMask = 2147483647;
			files = (
				B08F77C8580B7BE00E4C9D0F /* libPods-XNKit.a in Frameworks */,
			);
			runOnlyForDeploymentPostprocessing = 0;
		};
		8B4D84311DC743BD009A7A8E /* Frameworks */ = {
			isa = PBXFrameworksBuildPhase;
			buildActionMask = 2147483647;
			files = (
			);
			runOnlyForDeploymentPostprocessing = 0;
		};
		8B4D843C1DC743BD009A7A8E /* Frameworks */ = {
			isa = PBXFrameworksBuildPhase;
			buildActionMask = 2147483647;
			files = (
			);
			runOnlyForDeploymentPostprocessing = 0;
		};
/* End PBXFrameworksBuildPhase section */

/* Begin PBXGroup section */
		4A4C1CD1922BD9A7C08C1EF7 /* Pods */ = {
			isa = PBXGroup;
			children = (
				FCDAD9C24A7C538DA6B72354 /* Pods-XNKit.debug.xcconfig */,
				3FB90E29CF0C69FB9ECEA5C3 /* Pods-XNKit.release.xcconfig */,
			);
			name = Pods;
			sourceTree = "<group>";
		};
		8B3B23C61DDEE6F50012DD5C /* plaayer */ = {
			isa = PBXGroup;
			children = (
				8B991F381DE537D800069A2F /* image */,
				8BB7A3801DE8117A00D7E353 /* XNTouchButton.h */,
				8BB7A3811DE8117A00D7E353 /* XNTouchButton.m */,
				8B991F331DE5334900069A2F /* XNPlayerViewController.h */,
				8B991F341DE5334900069A2F /* XNPlayerViewController.m */,
				8B991F351DE5334900069A2F /* XNPlayerViewController.xib */,
			);
			path = plaayer;
			sourceTree = "<group>";
		};
		8B4D84121DC743BD009A7A8E = {
			isa = PBXGroup;
			children = (
				8B4D841D1DC743BD009A7A8E /* XNKit */,
				8B4D84371DC743BD009A7A8E /* XNKitTests */,
				8B4D84421DC743BD009A7A8E /* XNKitUITests */,
				8B4D841C1DC743BD009A7A8E /* Products */,
				4A4C1CD1922BD9A7C08C1EF7 /* Pods */,
				92225FBE981B8C2529C6AB1E /* Frameworks */,
			);
			sourceTree = "<group>";
		};
		8B4D841C1DC743BD009A7A8E /* Products */ = {
			isa = PBXGroup;
			children = (
				8B4D841B1DC743BD009A7A8E /* XNKit.app */,
				8B4D84341DC743BD009A7A8E /* XNKitTests.xctest */,
				8B4D843F1DC743BD009A7A8E /* XNKitUITests.xctest */,
			);
			name = Products;
			sourceTree = "<group>";
		};
		8B4D841D1DC743BD009A7A8E /* XNKit */ = {
			isa = PBXGroup;
			children = (
				8B4D84511DC74F72009A7A8E /* XNApp */,
				8B4D84211DC743BD009A7A8E /* AppDelegate.h */,
				8B4D84221DC743BD009A7A8E /* AppDelegate.m */,
				8B075A161DD0418500459F2C /* testConViewController.h */,
				8B075A171DD0418500459F2C /* testConViewController.m */,
				8B075A181DD0418500459F2C /* testConViewController.xib */,
				8B4D84271DC743BD009A7A8E /* Main.storyboard */,
				8B9CB2D51DEC269F00E85E8C /* ViewController.h */,
				8B9CB2D61DEC269F00E85E8C /* ViewController.m */,
				8B703A621DCB18E200ECB221 /* 000.png */,
				8B4D842A1DC743BD009A7A8E /* Assets.xcassets */,
				8B4D842C1DC743BD009A7A8E /* LaunchScreen.storyboard */,
				8B4D842F1DC743BD009A7A8E /* Info.plist */,
				8B4D841E1DC743BD009A7A8E /* Supporting Files */,
			);
			path = XNKit;
			sourceTree = "<group>";
		};
		8B4D841E1DC743BD009A7A8E /* Supporting Files */ = {
			isa = PBXGroup;
			children = (
				8B4D841F1DC743BD009A7A8E /* main.m */,
			);
			name = "Supporting Files";
			sourceTree = "<group>";
		};
		8B4D84371DC743BD009A7A8E /* XNKitTests */ = {
			isa = PBXGroup;
			children = (
				8B4D84381DC743BD009A7A8E /* XNKitTests.m */,
				8B4D843A1DC743BD009A7A8E /* Info.plist */,
			);
			path = XNKitTests;
			sourceTree = "<group>";
		};
		8B4D84421DC743BD009A7A8E /* XNKitUITests */ = {
			isa = PBXGroup;
			children = (
				8B4D84431DC743BD009A7A8E /* XNKitUITests.m */,
				8B4D84451DC743BD009A7A8E /* Info.plist */,
			);
			path = XNKitUITests;
			sourceTree = "<group>";
		};
		8B4D84511DC74F72009A7A8E /* XNApp */ = {
			isa = PBXGroup;
			children = (
				8BED6C091DEFD41000E50D55 /* network */,
				8BC581441DED7FA70026A66C /* blueTooth */,
				8BC581371DED21730026A66C /* launch */,
				8B991F711DE5419700069A2F /* PrefixHeader.pch */,
				8B3B23C61DDEE6F50012DD5C /* plaayer */,
				8B66B6C31DDD93F200033591 /* photoAlbum */,
				8B910A381DCB3E0200C45A30 /* commonView */,
				8B910A3B1DCB3E0200C45A30 /* tool */,
				8BE6469B1DC8987F0069B61A /* controller */,
				8B4D84521DC75109009A7A8E /* Category */,
			);
			path = XNApp;
			sourceTree = "<group>";
		};
		8B4D84521DC75109009A7A8E /* Category */ = {
			isa = PBXGroup;
			children = (
				8B4D84531DC751BE009A7A8E /* NSMutableArray+myArray.h */,
				8B4D84541DC751BE009A7A8E /* NSMutableArray+myArray.m */,
				8B9B4EC81DC991F8000648DB /* UILabel+XNLabel.h */,
				8B9B4EC91DC991F8000648DB /* UILabel+XNLabel.m */,
				8B9B4ECB1DC99903000648DB /* UIImage+XNImage.h */,
				8B9B4ECC1DC99903000648DB /* UIImage+XNImage.m */,
				8B9B4ED11DC9BF3A000648DB /* UIImageView+XNImageView.h */,
				8B9B4ED21DC9BF3A000648DB /* UIImageView+XNImageView.m */,
				8B9B4ED41DC9C3CD000648DB /* UIColor+XNColor.h */,
				8B9B4ED51DC9C3CD000648DB /* UIColor+XNColor.m */,
				8B9B4ED71DC9D288000648DB /* UIView+XNView.h */,
				8B9B4ED81DC9D288000648DB /* UIView+XNView.m */,
				8B9B4EDE1DC9D902000648DB /* NSString+XNString.h */,
				8B9B4EDF1DC9D902000648DB /* NSString+XNString.m */,
				8B12F4351E0A8925000288AA /* MBProgressHUD+XNHub.h */,
				8B12F4361E0A8925000288AA /* MBProgressHUD+XNHub.m */,
				8B9B4EEB1DC9F7D4000648DB /* UIButton+XNButton.h */,
				8B9B4EEC1DC9F7D4000648DB /* UIButton+XNButton.m */,
				8B910A321DCB3B1900C45A30 /* UITextField+XNTextField.h */,
				8B910A331DCB3B1900C45A30 /* UITextField+XNTextField.m */,
				8B910A351DCB3CB800C45A30 /* UIActionSheet+XNActionSheet.h */,
				8B910A361DCB3CB800C45A30 /* UIActionSheet+XNActionSheet.m */,
				8BBC89471DCC66EC00459E7F /* UIAlertView+XNBlock.h */,
				8BBC89481DCC66EC00459E7F /* UIAlertView+XNBlock.m */,
			);
			path = Category;
			sourceTree = "<group>";
		};
		8B66B6C31DDD93F200033591 /* photoAlbum */ = {
			isa = PBXGroup;
			children = (
				8B66B6C91DDD9B5B00033591 /* user_added_01@2x.png */,
				8B66B6CA1DDD9B5B00033591 /* user_added_01@3x.png */,
				8B66B6CB1DDD9B5B00033591 /* user_added_02@2x.png */,
				8B66B6CC1DDD9B5B00033591 /* user_added_02@3x.png */,
				8B66B6C41DDD952300033591 /* XNPhotoCollectionViewCell.h */,
				8B66B6C51DDD952300033591 /* XNPhotoCollectionViewCell.m */,
				8B66B6C61DDD952300033591 /* XNPhotoCollectionViewCell.xib */,
				8B66B6D11DDD9C3100033591 /* XNAlbumViewController.h */,
				8B66B6D21DDD9C3100033591 /* XNAlbumViewController.m */,
			);
			path = photoAlbum;
			sourceTree = "<group>";
		};
		8B910A381DCB3E0200C45A30 /* commonView */ = {
			isa = PBXGroup;
			children = (
				8B910A391DCB3E0200C45A30 /* UIBadgeView.h */,
				8B910A3A1DCB3E0200C45A30 /* UIBadgeView.m */,
			);
			path = commonView;
			sourceTree = "<group>";
		};
		8B910A3B1DCB3E0200C45A30 /* tool */ = {
			isa = PBXGroup;
			children = (
				8B910A3D1DCB3E2300C45A30 /* XNTool.h */,
				8B910A3E1DCB3E2300C45A30 /* XNTool.m */,
				8BBC894A1DCC7B6C00459E7F /* XNAttributeText.h */,
				8BBC894B1DCC7B6C00459E7F /* XNAttributeText.m */,
				8B1516911DD46B0D00F37C40 /* XNQRCode.h */,
				8B1516921DD46B0D00F37C40 /* XNQRCode.m */,
			);
			path = tool;
			sourceTree = "<group>";
		};
		8B991F381DE537D800069A2F /* image */ = {
			isa = PBXGroup;
			children = (
				8B991F3B1DE537D800069A2F /* fullscreen@2x.png */,
				8B991F7A1DE5914900069A2F /* point@2x.png */,
				8B991F7B1DE5914900069A2F /* point@3x.png */,
				8B991F721DE58C7E00069A2F /* play_middle@3x.png */,
				8B991F741DE58C7E00069A2F /* player@2x.png */,
				8B991F751DE58C7E00069A2F /* player@3x.png */,
				8B991F3C1DE537D800069A2F /* fullscreen@3x.png */,
				8B991F471DE537D800069A2F /* brightness@2x.png */,
				8B991F481DE537D800069A2F /* brightness@3x.png */,
				8B991F491DE537D800069A2F /* fastForward@2x.png */,
				8B991F4A1DE537D800069A2F /* fastForward@3x.png */,
				8B991F4B1DE537D800069A2F /* player-lock@2x.png */,
				8B991F4C1DE537D800069A2F /* player-lock@3x.png */,
				8B991F4D1DE537D800069A2F /* rewind@2x.png */,
				8B991F4E1DE537D800069A2F /* rewind@3x.png */,
				8B991F511DE537D800069A2F /* volume@2x.png */,
				8B991F521DE537D800069A2F /* volume@3x.png */,
				8B991F531DE537D800069A2F /* volumeMute@2x.png */,
				8B991F541DE537D800069A2F /* volumeMute@3x.png */,
			);
			path = image;
			sourceTree = "<group>";
		};
		8BC581371DED21730026A66C /* launch */ = {
			isa = PBXGroup;
			children = (
				8BC5813D1DED5DB20026A66C /* 1.mp4 */,
				8BC581381DED22080026A66C /* XNVideoLaunchViewController.h */,
				8BC581391DED22080026A66C /* XNVideoLaunchViewController.m */,
				8BC5813A1DED22080026A66C /* XNVideoLaunchViewController.xib */,
			);
			path = launch;
			sourceTree = "<group>";
		};
		8BC581441DED7FA70026A66C /* blueTooth */ = {
			isa = PBXGroup;
			children = (
				8BC5814A1DED85990026A66C /* XNBlueToothViewController.h */,
				8BC5814B1DED85990026A66C /* XNBlueToothViewController.m */,
				8BC5814C1DED85990026A66C /* XNBlueToothViewController.xib */,
			);
			path = blueTooth;
			sourceTree = "<group>";
		};
		8BE6469B1DC8987F0069B61A /* controller */ = {
			isa = PBXGroup;
			children = (
				8BF681611DDC433400852B45 /* bg_scanner@2x.png */,
				8BC141741DD9BC480016A949 /* qrcode_scanline_barcode@2x.png */,
				8BC141751DD9BC480016A949 /* qrcode_scanline_barcode@3x.png */,
				8BF6815D1DDC0AEE00852B45 /* XNQRCodeViewController.h */,
				8BF6815E1DDC0AEE00852B45 /* XNQRCodeViewController.m */,
				8B6C96541DFEAEE7001335DF /* XNViewController.h */,
				8B6C96551DFEAEE7001335DF /* XNViewController.m */,
			);
			path = controller;
			sourceTree = "<group>";
		};
		8BED6C091DEFD41000E50D55 /* network */ = {
			isa = PBXGroup;
			children = (
				8BED6C0A1DEFD48100E50D55 /* XNNetWork.h */,
				8B12F4331E0A86EB000288AA /* XNNetWork.m */,
			);
			path = network;
			sourceTree = "<group>";
		};
		92225FBE981B8C2529C6AB1E /* Frameworks */ = {
			isa = PBXGroup;
			children = (
				8EE71E47DDD854244958E185 /* libPods-XNKit.a */,
			);
			name = Frameworks;
			sourceTree = "<group>";
		};
/* End PBXGroup section */

/* Begin PBXNativeTarget section */
		8B4D841A1DC743BD009A7A8E /* XNKit */ = {
			isa = PBXNativeTarget;
			buildConfigurationList = 8B4D84481DC743BD009A7A8E /* Build configuration list for PBXNativeTarget "XNKit" */;
			buildPhases = (
				857BC75F5FEC7FFF5B100CCA /* [CP] Check Pods Manifest.lock */,
				8B4D84171DC743BD009A7A8E /* Sources */,
				8B4D84181DC743BD009A7A8E /* Frameworks */,
				8B4D84191DC743BD009A7A8E /* Resources */,
				4EA36E9FD9B739C886B036F1 /* [CP] Embed Pods Frameworks */,
				646808EA9F6F3AE5621A3709 /* [CP] Copy Pods Resources */,
			);
			buildRules = (
			);
			dependencies = (
			);
			name = XNKit;
			productName = XNKit;
			productReference = 8B4D841B1DC743BD009A7A8E /* XNKit.app */;
			productType = "com.apple.product-type.application";
		};
		8B4D84331DC743BD009A7A8E /* XNKitTests */ = {
			isa = PBXNativeTarget;
			buildConfigurationList = 8B4D844B1DC743BD009A7A8E /* Build configuration list for PBXNativeTarget "XNKitTests" */;
			buildPhases = (
				8B4D84301DC743BD009A7A8E /* Sources */,
				8B4D84311DC743BD009A7A8E /* Frameworks */,
				8B4D84321DC743BD009A7A8E /* Resources */,
			);
			buildRules = (
			);
			dependencies = (
				8B4D84361DC743BD009A7A8E /* PBXTargetDependency */,
			);
			name = XNKitTests;
			productName = XNKitTests;
			productReference = 8B4D84341DC743BD009A7A8E /* XNKitTests.xctest */;
			productType = "com.apple.product-type.bundle.unit-test";
		};
		8B4D843E1DC743BD009A7A8E /* XNKitUITests */ = {
			isa = PBXNativeTarget;
			buildConfigurationList = 8B4D844E1DC743BD009A7A8E /* Build configuration list for PBXNativeTarget "XNKitUITests" */;
			buildPhases = (
				8B4D843B1DC743BD009A7A8E /* Sources */,
				8B4D843C1DC743BD009A7A8E /* Frameworks */,
				8B4D843D1DC743BD009A7A8E /* Resources */,
			);
			buildRules = (
			);
			dependencies = (
				8B4D84411DC743BD009A7A8E /* PBXTargetDependency */,
			);
			name = XNKitUITests;
			productName = XNKitUITests;
			productReference = 8B4D843F1DC743BD009A7A8E /* XNKitUITests.xctest */;
			productType = "com.apple.product-type.bundle.ui-testing";
		};
/* End PBXNativeTarget section */

/* Begin PBXProject section */
		8B4D84131DC743BD009A7A8E /* Project object */ = {
			isa = PBXProject;
			attributes = {
				LastUpgradeCheck = 0800;
				ORGANIZATIONNAME = "小鸟";
				TargetAttributes = {
					8B4D841A1DC743BD009A7A8E = {
						CreatedOnToolsVersion = 8.0;
						DevelopmentTeam = 34G44GF43M;
						ProvisioningStyle = Automatic;
						SystemCapabilities = {
							com.apple.Push = {
								enabled = 0;
							};
						};
					};
					8B4D84331DC743BD009A7A8E = {
						CreatedOnToolsVersion = 8.0;
						ProvisioningStyle = Automatic;
						TestTargetID = 8B4D841A1DC743BD009A7A8E;
					};
					8B4D843E1DC743BD009A7A8E = {
						CreatedOnToolsVersion = 8.0;
						ProvisioningStyle = Automatic;
						TestTargetID = 8B4D841A1DC743BD009A7A8E;
					};
				};
			};
			buildConfigurationList = 8B4D84161DC743BD009A7A8E /* Build configuration list for PBXProject "XNKit" */;
			compatibilityVersion = "Xcode 3.2";
			developmentRegion = English;
			hasScannedForEncodings = 0;
			knownRegions = (
				en,
				Base,
			);
			mainGroup = 8B4D84121DC743BD009A7A8E;
			productRefGroup = 8B4D841C1DC743BD009A7A8E /* Products */;
			projectDirPath = "";
			projectRoot = "";
			targets = (
				8B4D841A1DC743BD009A7A8E /* XNKit */,
				8B4D84331DC743BD009A7A8E /* XNKitTests */,
				8B4D843E1DC743BD009A7A8E /* XNKitUITests */,
			);
		};
/* End PBXProject section */

/* Begin PBXResourcesBuildPhase section */
		8B4D84191DC743BD009A7A8E /* Resources */ = {
			isa = PBXResourcesBuildPhase;
			buildActionMask = 2147483647;
			files = (
				8B991F661DE537D900069A2F /* fastForward@3x.png in Resources */,
				8BF681621DDC433400852B45 /* bg_scanner@2x.png in Resources */,
				8B991F7D1DE5914900069A2F /* point@3x.png in Resources */,
				8B991F761DE58C7E00069A2F /* play_middle@3x.png in Resources */,
				8B66B6C81DDD952300033591 /* XNPhotoCollectionViewCell.xib in Resources */,
				8B991F631DE537D900069A2F /* brightness@2x.png in Resources */,
				8B991F681DE537D900069A2F /* player-lock@3x.png in Resources */,
				8BC5813E1DED5DB20026A66C /* 1.mp4 in Resources */,
				8BC141761DD9BC480016A949 /* qrcode_scanline_barcode@2x.png in Resources */,
				8B991F641DE537D900069A2F /* brightness@3x.png in Resources */,
				8B991F371DE5334900069A2F /* XNPlayerViewController.xib in Resources */,
				8B075A1A1DD0418500459F2C /* testConViewController.xib in Resources */,
				8B4D842E1DC743BD009A7A8E /* LaunchScreen.storyboard in Resources */,
				8B991F7C1DE5914900069A2F /* point@2x.png in Resources */,
				8B4D842B1DC743BD009A7A8E /* Assets.xcassets in Resources */,
				8B991F6A1DE537D900069A2F /* rewind@3x.png in Resources */,
				8B66B6CE1DDD9B5B00033591 /* user_added_01@3x.png in Resources */,
				8BC5814E1DED85990026A66C /* XNBlueToothViewController.xib in Resources */,
				8B991F6D1DE537D900069A2F /* volume@2x.png in Resources */,
				8B703A631DCB18E200ECB221 /* 000.png in Resources */,
				8B991F691DE537D900069A2F /* rewind@2x.png in Resources */,
				8B991F781DE58C7E00069A2F /* player@2x.png in Resources */,
				8B991F6E1DE537D900069A2F /* volume@3x.png in Resources */,
				8B991F791DE58C7E00069A2F /* player@3x.png in Resources */,
				8B991F651DE537D900069A2F /* fastForward@2x.png in Resources */,
				8B991F671DE537D900069A2F /* player-lock@2x.png in Resources */,
				8B991F581DE537D900069A2F /* fullscreen@3x.png in Resources */,
				8B991F6F1DE537D900069A2F /* volumeMute@2x.png in Resources */,
				8B66B6CD1DDD9B5B00033591 /* user_added_01@2x.png in Resources */,
				8BC5813C1DED22080026A66C /* XNVideoLaunchViewController.xib in Resources */,
				8BC141771DD9BC480016A949 /* qrcode_scanline_barcode@3x.png in Resources */,
				8B66B6CF1DDD9B5B00033591 /* user_added_02@2x.png in Resources */,
				8B4D84291DC743BD009A7A8E /* Main.storyboard in Resources */,
				8B991F701DE537D900069A2F /* volumeMute@3x.png in Resources */,
				8B991F571DE537D800069A2F /* fullscreen@2x.png in Resources */,
				8B66B6D01DDD9B5B00033591 /* user_added_02@3x.png in Resources */,
			);
			runOnlyForDeploymentPostprocessing = 0;
		};
		8B4D84321DC743BD009A7A8E /* Resources */ = {
			isa = PBXResourcesBuildPhase;
			buildActionMask = 2147483647;
			files = (
			);
			runOnlyForDeploymentPostprocessing = 0;
		};
		8B4D843D1DC743BD009A7A8E /* Resources */ = {
			isa = PBXResourcesBuildPhase;
			buildActionMask = 2147483647;
			files = (
			);
			runOnlyForDeploymentPostprocessing = 0;
		};
/* End PBXResourcesBuildPhase section */

/* Begin PBXShellScriptBuildPhase section */
		4EA36E9FD9B739C886B036F1 /* [CP] Embed Pods Frameworks */ = {
			isa = PBXShellScriptBuildPhase;
			buildActionMask = 2147483647;
			files = (
			);
			inputPaths = (
			);
			name = "[CP] Embed Pods Frameworks";
			outputPaths = (
			);
			runOnlyForDeploymentPostprocessing = 0;
			shellPath = /bin/sh;
			shellScript = "\"${SRCROOT}/Pods/Target Support Files/Pods-XNKit/Pods-XNKit-frameworks.sh\"\n";
			showEnvVarsInLog = 0;
		};
		646808EA9F6F3AE5621A3709 /* [CP] Copy Pods Resources */ = {
			isa = PBXShellScriptBuildPhase;
			buildActionMask = 2147483647;
			files = (
			);
			inputPaths = (
			);
			name = "[CP] Copy Pods Resources";
			outputPaths = (
			);
			runOnlyForDeploymentPostprocessing = 0;
			shellPath = /bin/sh;
			shellScript = "\"${SRCROOT}/Pods/Target Support Files/Pods-XNKit/Pods-XNKit-resources.sh\"\n";
			showEnvVarsInLog = 0;
		};
		857BC75F5FEC7FFF5B100CCA /* [CP] Check Pods Manifest.lock */ = {
			isa = PBXShellScriptBuildPhase;
			buildActionMask = 2147483647;
			files = (
			);
			inputPaths = (
			);
			name = "[CP] Check Pods Manifest.lock";
			outputPaths = (
			);
			runOnlyForDeploymentPostprocessing = 0;
			shellPath = /bin/sh;
			shellScript = "diff \"${PODS_ROOT}/../Podfile.lock\" \"${PODS_ROOT}/Manifest.lock\" > /dev/null\nif [ $? != 0 ] ; then\n    # print error to STDERR\n    echo \"error: The sandbox is not in sync with the Podfile.lock. Run 'pod install' or update your CocoaPods installation.\" >&2\n    exit 1\nfi\n";
			showEnvVarsInLog = 0;
		};
/* End PBXShellScriptBuildPhase section */

/* Begin PBXSourcesBuildPhase section */
		8B4D84171DC743BD009A7A8E /* Sources */ = {
			isa = PBXSourcesBuildPhase;
			buildActionMask = 2147483647;
			files = (
				8BBC89491DCC66EC00459E7F /* UIAlertView+XNBlock.m in Sources */,
				8B9B4ED91DC9D288000648DB /* UIView+XNView.m in Sources */,
				8B12F4341E0A86EB000288AA /* XNNetWork.m in Sources */,
				8B1516931DD46B0D00F37C40 /* XNQRCode.m in Sources */,
				8B9B4ECD1DC99903000648DB /* UIImage+XNImage.m in Sources */,
				8B075A191DD0418500459F2C /* testConViewController.m in Sources */,
				8B6C96561DFEAEE7001335DF /* XNViewController.m in Sources */,
				8B66B6C71DDD952300033591 /* XNPhotoCollectionViewCell.m in Sources */,
				8B910A371DCB3CB800C45A30 /* UIActionSheet+XNActionSheet.m in Sources */,
				8B9B4EED1DC9F7D4000648DB /* UIButton+XNButton.m in Sources */,
				8B4D84551DC751BE009A7A8E /* NSMutableArray+myArray.m in Sources */,
				8B910A3C1DCB3E0200C45A30 /* UIBadgeView.m in Sources */,
				8B9B4ED61DC9C3CD000648DB /* UIColor+XNColor.m in Sources */,
				8BB7A3821DE8117A00D7E353 /* XNTouchButton.m in Sources */,
				8B9CB2D71DEC269F00E85E8C /* ViewController.m in Sources */,
				8B9B4EE01DC9D902000648DB /* NSString+XNString.m in Sources */,
				8B4D84231DC743BD009A7A8E /* AppDelegate.m in Sources */,
				8BC5813B1DED22080026A66C /* XNVideoLaunchViewController.m in Sources */,
				8BC5814D1DED85990026A66C /* XNBlueToothViewController.m in Sources */,
				8BBC894C1DCC7B6C00459E7F /* XNAttributeText.m in Sources */,
				8B991F361DE5334900069A2F /* XNPlayerViewController.m in Sources */,
				8B910A341DCB3B1900C45A30 /* UITextField+XNTextField.m in Sources */,
				8B4D84201DC743BD009A7A8E /* main.m in Sources */,
				8B910A3F1DCB3E2300C45A30 /* XNTool.m in Sources */,
				8B9B4ECA1DC991F8000648DB /* UILabel+XNLabel.m in Sources */,
				8BF6815F1DDC0AEE00852B45 /* XNQRCodeViewController.m in Sources */,
				8B66B6D31DDD9C3100033591 /* XNAlbumViewController.m in Sources */,
				8B12F4371E0A8925000288AA /* MBProgressHUD+XNHub.m in Sources */,
				8B9B4ED31DC9BF3A000648DB /* UIImageView+XNImageView.m in Sources */,
			);
			runOnlyForDeploymentPostprocessing = 0;
		};
		8B4D84301DC743BD009A7A8E /* Sources */ = {
			isa = PBXSourcesBuildPhase;
			buildActionMask = 2147483647;
			files = (
				8B4D84391DC743BD009A7A8E /* XNKitTests.m in Sources */,
			);
			runOnlyForDeploymentPostprocessing = 0;
		};
		8B4D843B1DC743BD009A7A8E /* Sources */ = {
			isa = PBXSourcesBuildPhase;
			buildActionMask = 2147483647;
			files = (
				8B4D84441DC743BD009A7A8E /* XNKitUITests.m in Sources */,
			);
			runOnlyForDeploymentPostprocessing = 0;
		};
/* End PBXSourcesBuildPhase section */

/* Begin PBXTargetDependency section */
		8B4D84361DC743BD009A7A8E /* PBXTargetDependency */ = {
			isa = PBXTargetDependency;
			target = 8B4D841A1DC743BD009A7A8E /* XNKit */;
			targetProxy = 8B4D84351DC743BD009A7A8E /* PBXContainerItemProxy */;
		};
		8B4D84411DC743BD009A7A8E /* PBXTargetDependency */ = {
			isa = PBXTargetDependency;
			target = 8B4D841A1DC743BD009A7A8E /* XNKit */;
			targetProxy = 8B4D84401DC743BD009A7A8E /* PBXContainerItemProxy */;
		};
/* End PBXTargetDependency section */

/* Begin PBXVariantGroup section */
		8B4D84271DC743BD009A7A8E /* Main.storyboard */ = {
			isa = PBXVariantGroup;
			children = (
				8B4D84281DC743BD009A7A8E /* Base */,
			);
			name = Main.storyboard;
			sourceTree = "<group>";
		};
		8B4D842C1DC743BD009A7A8E /* LaunchScreen.storyboard */ = {
			isa = PBXVariantGroup;
			children = (
				8B4D842D1DC743BD009A7A8E /* Base */,
			);
			name = LaunchScreen.storyboard;
			sourceTree = "<group>";
		};
/* End PBXVariantGroup section */

/* Begin XCBuildConfiguration section */
		8B4D84461DC743BD009A7A8E /* Debug */ = {
			isa = XCBuildConfiguration;
			buildSettings = {
				ALWAYS_SEARCH_USER_PATHS = NO;
				CLANG_ANALYZER_NONNULL = YES;
				CLANG_CXX_LANGUAGE_STANDARD = "gnu++0x";
				CLANG_CXX_LIBRARY = "libc++";
				CLANG_ENABLE_MODULES = YES;
				CLANG_ENABLE_OBJC_ARC = YES;
				CLANG_WARN_BOOL_CONVERSION = YES;
				CLANG_WARN_CONSTANT_CONVERSION = YES;
				CLANG_WARN_DIRECT_OBJC_ISA_USAGE = YES_ERROR;
				CLANG_WARN_DOCUMENTATION_COMMENTS = YES;
				CLANG_WARN_EMPTY_BODY = YES;
				CLANG_WARN_ENUM_CONVERSION = YES;
				CLANG_WARN_INFINITE_RECURSION = YES;
				CLANG_WARN_INT_CONVERSION = YES;
				CLANG_WARN_OBJC_ROOT_CLASS = YES_ERROR;
				CLANG_WARN_SUSPICIOUS_MOVES = YES;
				CLANG_WARN_UNREACHABLE_CODE = YES;
				CLANG_WARN__DUPLICATE_METHOD_MATCH = YES;
				"CODE_SIGN_IDENTITY[sdk=iphoneos*]" = "iPhone Developer";
				COPY_PHASE_STRIP = NO;
				DEBUG_INFORMATION_FORMAT = dwarf;
				ENABLE_STRICT_OBJC_MSGSEND = YES;
				ENABLE_TESTABILITY = YES;
				GCC_C_LANGUAGE_STANDARD = gnu99;
				GCC_DYNAMIC_NO_PIC = NO;
				GCC_NO_COMMON_BLOCKS = YES;
				GCC_OPTIMIZATION_LEVEL = 0;
				GCC_PREPROCESSOR_DEFINITIONS = (
					"DEBUG=1",
					"$(inherited)",
				);
				GCC_WARN_64_TO_32_BIT_CONVERSION = YES;
				GCC_WARN_ABOUT_RETURN_TYPE = YES_ERROR;
				GCC_WARN_UNDECLARED_SELECTOR = YES;
				GCC_WARN_UNINITIALIZED_AUTOS = YES_AGGRESSIVE;
				GCC_WARN_UNUSED_FUNCTION = YES;
				GCC_WARN_UNUSED_VARIABLE = YES;
				IPHONEOS_DEPLOYMENT_TARGET = 8.1;
				MTL_ENABLE_DEBUG_INFO = YES;
				ONLY_ACTIVE_ARCH = YES;
				SDKROOT = iphoneos;
				TARGETED_DEVICE_FAMILY = "1,2";
			};
			name = Debug;
		};
		8B4D84471DC743BD009A7A8E /* Release */ = {
			isa = XCBuildConfiguration;
			buildSettings = {
				ALWAYS_SEARCH_USER_PATHS = NO;
				CLANG_ANALYZER_NONNULL = YES;
				CLANG_CXX_LANGUAGE_STANDARD = "gnu++0x";
				CLANG_CXX_LIBRARY = "libc++";
				CLANG_ENABLE_MODULES = YES;
				CLANG_ENABLE_OBJC_ARC = YES;
				CLANG_WARN_BOOL_CONVERSION = YES;
				CLANG_WARN_CONSTANT_CONVERSION = YES;
				CLANG_WARN_DIRECT_OBJC_ISA_USAGE = YES_ERROR;
				CLANG_WARN_DOCUMENTATION_COMMENTS = YES;
				CLANG_WARN_EMPTY_BODY = YES;
				CLANG_WARN_ENUM_CONVERSION = YES;
				CLANG_WARN_INFINITE_RECURSION = YES;
				CLANG_WARN_INT_CONVERSION = YES;
				CLANG_WARN_OBJC_ROOT_CLASS = YES_ERROR;
				CLANG_WARN_SUSPICIOUS_MOVES = YES;
				CLANG_WARN_UNREACHABLE_CODE = YES;
				CLANG_WARN__DUPLICATE_METHOD_MATCH = YES;
				"CODE_SIGN_IDENTITY[sdk=iphoneos*]" = "iPhone Developer";
				COPY_PHASE_STRIP = NO;
				DEBUG_INFORMATION_FORMAT = "dwarf-with-dsym";
				ENABLE_NS_ASSERTIONS = NO;
				ENABLE_STRICT_OBJC_MSGSEND = YES;
				GCC_C_LANGUAGE_STANDARD = gnu99;
				GCC_NO_COMMON_BLOCKS = YES;
				GCC_WARN_64_TO_32_BIT_CONVERSION = YES;
				GCC_WARN_ABOUT_RETURN_TYPE = YES_ERROR;
				GCC_WARN_UNDECLARED_SELECTOR = YES;
				GCC_WARN_UNINITIALIZED_AUTOS = YES_AGGRESSIVE;
				GCC_WARN_UNUSED_FUNCTION = YES;
				GCC_WARN_UNUSED_VARIABLE = YES;
				IPHONEOS_DEPLOYMENT_TARGET = 8.1;
				MTL_ENABLE_DEBUG_INFO = NO;
				SDKROOT = iphoneos;
				TARGETED_DEVICE_FAMILY = "1,2";
				VALIDATE_PRODUCT = YES;
			};
			name = Release;
		};
		8B4D84491DC743BD009A7A8E /* Debug */ = {
			isa = XCBuildConfiguration;
			baseConfigurationReference = FCDAD9C24A7C538DA6B72354 /* Pods-XNKit.debug.xcconfig */;
			buildSettings = {
				ASSETCATALOG_COMPILER_APPICON_NAME = AppIcon;
				DEVELOPMENT_TEAM = 34G44GF43M;
				INFOPLIST_FILE = XNKit/Info.plist;
				IPHONEOS_DEPLOYMENT_TARGET = 8.0;
				LD_RUNPATH_SEARCH_PATHS = "$(inherited) @executable_path/Frameworks";
				PRODUCT_BUNDLE_IDENTIFIER = hah.XNKit;
				PRODUCT_NAME = "$(TARGET_NAME)";
			};
			name = Debug;
		};
		8B4D844A1DC743BD009A7A8E /* Release */ = {
			isa = XCBuildConfiguration;
			baseConfigurationReference = 3FB90E29CF0C69FB9ECEA5C3 /* Pods-XNKit.release.xcconfig */;
			buildSettings = {
				ASSETCATALOG_COMPILER_APPICON_NAME = AppIcon;
				DEVELOPMENT_TEAM = 34G44GF43M;
				INFOPLIST_FILE = XNKit/Info.plist;
				IPHONEOS_DEPLOYMENT_TARGET = 8.0;
				LD_RUNPATH_SEARCH_PATHS = "$(inherited) @executable_path/Frameworks";
				PRODUCT_BUNDLE_IDENTIFIER = hah.XNKit;
				PRODUCT_NAME = "$(TARGET_NAME)";
			};
			name = Release;
		};
		8B4D844C1DC743BD009A7A8E /* Debug */ = {
			isa = XCBuildConfiguration;
			buildSettings = {
				BUNDLE_LOADER = "$(TEST_HOST)";
				INFOPLIST_FILE = XNKitTests/Info.plist;
				LD_RUNPATH_SEARCH_PATHS = "$(inherited) @executable_path/Frameworks @loader_path/Frameworks";
				PRODUCT_BUNDLE_IDENTIFIER = hah.XNKitTests;
				PRODUCT_NAME = "$(TARGET_NAME)";
				TEST_HOST = "$(BUILT_PRODUCTS_DIR)/XNKit.app/XNKit";
			};
			name = Debug;
		};
		8B4D844D1DC743BD009A7A8E /* Release */ = {
			isa = XCBuildConfiguration;
			buildSettings = {
				BUNDLE_LOADER = "$(TEST_HOST)";
				INFOPLIST_FILE = XNKitTests/Info.plist;
				LD_RUNPATH_SEARCH_PATHS = "$(inherited) @executable_path/Frameworks @loader_path/Frameworks";
				PRODUCT_BUNDLE_IDENTIFIER = hah.XNKitTests;
				PRODUCT_NAME = "$(TARGET_NAME)";
				TEST_HOST = "$(BUILT_PRODUCTS_DIR)/XNKit.app/XNKit";
			};
			name = Release;
		};
		8B4D844F1DC743BD009A7A8E /* Debug */ = {
			isa = XCBuildConfiguration;
			buildSettings = {
				INFOPLIST_FILE = XNKitUITests/Info.plist;
				LD_RUNPATH_SEARCH_PATHS = "$(inherited) @executable_path/Frameworks @loader_path/Frameworks";
				PRODUCT_BUNDLE_IDENTIFIER = hah.XNKitUITests;
				PRODUCT_NAME = "$(TARGET_NAME)";
				TEST_TARGET_NAME = XNKit;
			};
			name = Debug;
		};
		8B4D84501DC743BD009A7A8E /* Release */ = {
			isa = XCBuildConfiguration;
			buildSettings = {
				INFOPLIST_FILE = XNKitUITests/Info.plist;
				LD_RUNPATH_SEARCH_PATHS = "$(inherited) @executable_path/Frameworks @loader_path/Frameworks";
				PRODUCT_BUNDLE_IDENTIFIER = hah.XNKitUITests;
				PRODUCT_NAME = "$(TARGET_NAME)";
				TEST_TARGET_NAME = XNKit;
			};
			name = Release;
		};
/* End XCBuildConfiguration section */

/* Begin XCConfigurationList section */
		8B4D84161DC743BD009A7A8E /* Build configuration list for PBXProject "XNKit" */ = {
			isa = XCConfigurationList;
			buildConfigurations = (
				8B4D84461DC743BD009A7A8E /* Debug */,
				8B4D84471DC743BD009A7A8E /* Release */,
			);
			defaultConfigurationIsVisible = 0;
			defaultConfigurationName = Debug;
		};
		8B4D84481DC743BD009A7A8E /* Build configuration list for PBXNativeTarget "XNKit" */ = {
			isa = XCConfigurationList;
			buildConfigurations = (
				8B4D84491DC743BD009A7A8E /* Debug */,
				8B4D844A1DC743BD009A7A8E /* Release */,
			);
			defaultConfigurationIsVisible = 0;
			defaultConfigurationName = Debug;
		};
		8B4D844B1DC743BD009A7A8E /* Build configuration list for PBXNativeTarget "XNKitTests" */ = {
			isa = XCConfigurationList;
			buildConfigurations = (
				8B4D844C1DC743BD009A7A8E /* Debug */,
				8B4D844D1DC743BD009A7A8E /* Release */,
			);
			defaultConfigurationIsVisible = 0;
			defaultConfigurationName = Debug;
		};
		8B4D844E1DC743BD009A7A8E /* Build configuration list for PBXNativeTarget "XNKitUITests" */ = {
			isa = XCConfigurationList;
			buildConfigurations = (
				8B4D844F1DC743BD009A7A8E /* Debug */,
				8B4D84501DC743BD009A7A8E /* Release */,
			);
			defaultConfigurationIsVisible = 0;
			defaultConfigurationName = Debug;
		};
/* End XCConfigurationList section */
	};
	rootObject = 8B4D84131DC743BD009A7A8E /* Project object */;
}
